
Microsoft Visual Studio Solution File, Format Version 11.00
# Visual Studio 2010
Project("{FAE04EC0-301F-11D3-BF4B-00C04F79EFBC}") = "UnityEngine.UI", "UnityEngine.UI.csproj", "{8323CA09-E364-6FB7-EE98-19BCC085E315}"
EndProject
Project("{FAE04EC0-301F-11D3-BF4B-00C04F79EFBC}") = "UnityEngine.TestRunner", "UnityEngine.TestRunner.csproj", "{88A3F677-E6FF-ADF1-2FCD-426AFFF9AAC5}"
EndProject
Project("{FAE04EC0-301F-11D3-BF4B-00C04F79EFBC}") = "UnityEngine.XR.LegacyInputHelpers", "UnityEngine.XR.LegacyInputHelpers.csproj", "{43F3917B-BD99-44BA-8086-C3D0D9998657}"
EndProject
Project("{FAE04EC0-301F-11D3-BF4B-00C04F79EFBC}") = "UnityEngine.UI.Tests", "UnityEngine.UI.Tests.csproj", "{F42AA377-0A6B-2597-6EA4-1C0FF2924D5D}"
EndProject
Project("{FAE04EC0-301F-11D3-BF4B-00C04F79EFBC}") = "Unity.Timeline", "Unity.Timeline.csproj", "{0B2C94BF-8CB7-397A-97EB-292C88E20131}"
EndProject
Project("{FAE04EC0-301F-11D3-BF4B-00C04F79EFBC}") = "UnityEngine.Purchasing.WinRTCore", "UnityEngine.Purchasing.WinRTCore.csproj", "{2D0B82E0-8C35-1BC3-4853-BBD8F605D3E9}"
EndProject
Project("{FAE04EC0-301F-11D3-BF4B-00C04F79EFBC}") = "UnityEngine.Monetization", "UnityEngine.Monetization.csproj", "{5093E946-D73D-9547-E1FD-9EB16C3157F5}"
EndProject
Project("{FAE04EC0-301F-11D3-BF4B-00C04F79EFBC}") = "UnityEngine.Purchasing.Stores", "UnityEngine.Purchasing.Stores.csproj", "{0A84C71B-FFFF-FCF7-AEBF-814D8EA71F7E}"
EndProject
Project("{FAE04EC0-301F-11D3-BF4B-00C04F79EFBC}") = "UnityEngine.Purchasing.SecurityCore", "UnityEngine.Purchasing.SecurityCore.csproj", "{C8E90517-1CB6-14F5-E672-3CB07354A252}"
EndProject
Project("{FAE04EC0-301F-11D3-BF4B-00C04F79EFBC}") = "Unity.TextMeshPro", "Unity.TextMeshPro.csproj", "{6D3242FF-53C9-1A06-910C-66C49417F01F}"
EndProject
Project("{FAE04EC0-301F-11D3-BF4B-00C04F79EFBC}") = "UnityEngine.Purchasing", "UnityEngine.Purchasing.csproj", "{A678A7A0-1B0D-EF1D-5AF9-D965A30F93E4}"
EndProject
Project("{FAE04EC0-301F-11D3-BF4B-00C04F79EFBC}") = "UnityEngine.Purchasing.AppleCore", "UnityEngine.Purchasing.AppleCore.csproj", "{DA36730E-29DF-7BA7-56AA-FF44964817BD}"
EndProject
Project("{FAE04EC0-301F-11D3-BF4B-00C04F79EFBC}") = "UnityEngine.Advertisements", "UnityEngine.Advertisements.csproj", "{666394BE-D3FF-7407-24C9-29D23A657C7B}"
EndProject
Project("{FAE04EC0-301F-11D3-BF4B-00C04F79EFBC}") = "UnityEngine.Advertisements.Tests", "UnityEngine.Advertisements.Tests.csproj", "{F54BA022-86AC-D10F-B196-6366E086E9FC}"
EndProject
Project("{FAE04EC0-301F-11D3-BF4B-00C04F79EFBC}") = "UnityEngine.Purchasing.SecurityStub", "UnityEngine.Purchasing.SecurityStub.csproj", "{7C3F709B-6DA0-5209-349C-16AFEA872979}"
EndProject
Project("{FAE04EC0-301F-11D3-BF4B-00C04F79EFBC}") = "Purchasing.Common", "Purchasing.Common.csproj", "{320E0A63-EAD7-58FE-AB4D-B234769EA66B}"
EndProject
Project("{FAE04EC0-301F-11D3-BF4B-00C04F79EFBC}") = "Assembly-CSharp", "Assembly-CSharp.csproj", "{67E3F5FC-88EF-55B2-4156-39D21A59D4E6}"
EndProject
Project("{FAE04EC0-301F-11D3-BF4B-00C04F79EFBC}") = "Unity.Analytics.DataPrivacy.Tests", "Unity.Analytics.DataPrivacy.Tests.csproj", "{B0B2D7F8-B2F7-6931-7EF4-7E68E3734A52}"
EndProject
Project("{FAE04EC0-301F-11D3-BF4B-00C04F79EFBC}") = "UnityEngine.Purchasing.Codeless", "UnityEngine.Purchasing.Codeless.csproj", "{5A0B40F9-D790-E980-F75E-E5D3308786BE}"
EndProject
Project("{FAE04EC0-301F-11D3-BF4B-00C04F79EFBC}") = "UnityEngine.Purchasing.WinRTStub", "UnityEngine.Purchasing.WinRTStub.csproj", "{CD4DA3E3-5BBD-B031-8AB1-9CB757CC35B4}"
EndProject
Project("{FAE04EC0-301F-11D3-BF4B-00C04F79EFBC}") = "UnityEngine.Purchasing.AppleStub", "UnityEngine.Purchasing.AppleStub.csproj", "{45CD5A83-3307-8B44-BC23-766C0E9ABA86}"
EndProject
Project("{FAE04EC0-301F-11D3-BF4B-00C04F79EFBC}") = "UnityEngine.Purchasing.AppleMacosStub", "UnityEngine.Purchasing.AppleMacosStub.csproj", "{EAAD4F7E-08B7-555B-6967-9E5CD4F416BE}"
EndProject
Project("{FAE04EC0-301F-11D3-BF4B-00C04F79EFBC}") = "UnityEngine.SpatialTracking.Tests", "UnityEngine.SpatialTracking.Tests.csproj", "{E2393367-DEFC-5A6B-3366-20BCE0DEC342}"
EndProject
Project("{FAE04EC0-301F-11D3-BF4B-00C04F79EFBC}") = "Unity.TextMeshPro.Tests", "Unity.TextMeshPro.Tests.csproj", "{78E140AC-0DD6-A006-50F2-BD18A82F5A47}"
EndProject
Project("{FAE04EC0-301F-11D3-BF4B-00C04F79EFBC}") = "UnityEngine.SpatialTracking", "UnityEngine.SpatialTracking.csproj", "{35282CF2-C138-CE35-4A33-8FD207F7CFC9}"
EndProject
Project("{FAE04EC0-301F-11D3-BF4B-00C04F79EFBC}") = "Unity.Analytics.DataPrivacy", "Unity.Analytics.DataPrivacy.csproj", "{A31080A1-741E-7625-DA90-959D6A5A7396}"
EndProject
Project("{FAE04EC0-301F-11D3-BF4B-00C04F79EFBC}") = "UnityEditor.TestRunner", "UnityEditor.TestRunner.csproj", "{0229B684-C8F0-DC1C-B76B-E38EC683E8F4}"
EndProject
Project("{FAE04EC0-301F-11D3-BF4B-00C04F79EFBC}") = "Unity.PlasticSCM.Editor", "Unity.PlasticSCM.Editor.csproj", "{8BA01415-888B-5D31-7377-258DEFDCC669}"
EndProject
Project("{FAE04EC0-301F-11D3-BF4B-00C04F79EFBC}") = "UnityEditor.UI", "UnityEditor.UI.csproj", "{AF0CB866-4C19-B58E-9044-18866349725F}"
EndProject
Project("{FAE04EC0-301F-11D3-BF4B-00C04F79EFBC}") = "Unity.Timeline.Editor", "Unity.Timeline.Editor.csproj", "{432B7660-86ED-52DC-EA95-A4C4B215451F}"
EndProject
Project("{FAE04EC0-301F-11D3-BF4B-00C04F79EFBC}") = "Unity.VisualStudio.Editor", "Unity.VisualStudio.Editor.csproj", "{73FC52CC-AF87-4430-AAE3-3C20FA137676}"
EndProject
Project("{FAE04EC0-301F-11D3-BF4B-00C04F79EFBC}") = "UnityEngine.Advertisements.Editor", "UnityEngine.Advertisements.Editor.csproj", "{EB4CEACE-6F15-CF8F-9F1F-DC24D19D731E}"
EndProject
Project("{FAE04EC0-301F-11D3-BF4B-00C04F79EFBC}") = "Unity.TextMeshPro.Editor", "Unity.TextMeshPro.Editor.csproj", "{0237B427-13A0-6F1C-CA4A-040261237C53}"
EndProject
Project("{FAE04EC0-301F-11D3-BF4B-00C04F79EFBC}") = "Unity.CollabProxy.Editor", "Unity.CollabProxy.Editor.csproj", "{3D30FE06-3FD0-163E-8D47-DAAD3BA976FF}"
EndProject
Project("{FAE04EC0-301F-11D3-BF4B-00C04F79EFBC}") = "DocCodeExamples", "DocCodeExamples.csproj", "{EDD2D093-4286-26F9-65AF-9A542B6C4476}"
EndProject
Project("{FAE04EC0-301F-11D3-BF4B-00C04F79EFBC}") = "UnityEditor.Purchasing", "UnityEditor.Purchasing.csproj", "{FC4F20D9-A230-A0BE-CCBA-0C84E9F5051F}"
EndProject
Project("{FAE04EC0-301F-11D3-BF4B-00C04F79EFBC}") = "Unity.PlasticSCM.EditorTests", "Unity.PlasticSCM.EditorTests.csproj", "{233FB234-D578-0AE8-B444-D644FDA7BE60}"
EndProject
Project("{FAE04EC0-301F-11D3-BF4B-00C04F79EFBC}") = "Unity.Rider.Editor", "Unity.Rider.Editor.csproj", "{91419F18-AABA-B57F-019C-7129F0D7C9C4}"
EndProject
Project("{FAE04EC0-301F-11D3-BF4B-00C04F79EFBC}") = "UnityEditor.UI.EditorTests", "UnityEditor.UI.EditorTests.csproj", "{C622C4B2-EEA6-91AD-BCAA-C999B80A2827}"
EndProject
Project("{FAE04EC0-301F-11D3-BF4B-00C04F79EFBC}") = "Unity.Analytics.StandardEvents.EditorTests", "Unity.Analytics.StandardEvents.EditorTests.csproj", "{49608003-915E-CF3C-9F33-2B8AE6C15B39}"
EndProject
Project("{FAE04EC0-301F-11D3-BF4B-00C04F79EFBC}") = "Unity.CollabProxy.EditorTests", "Unity.CollabProxy.EditorTests.csproj", "{BFA9A9CA-9D04-DA5D-ADDD-B9EEA281D0BE}"
EndProject
Project("{FAE04EC0-301F-11D3-BF4B-00C04F79EFBC}") = "UnityEngine.Advertisements.DevX.Editor", "UnityEngine.Advertisements.DevX.Editor.csproj", "{E7B78023-856C-E1DF-8DF0-DA9657917498}"
EndProject
Project("{FAE04EC0-301F-11D3-BF4B-00C04F79EFBC}") = "UnityEditor.XR.LegacyInputHelpers", "UnityEditor.XR.LegacyInputHelpers.csproj", "{05E3513C-A736-A6B0-8FE3-E03372FC4493}"
EndProject
Project("{FAE04EC0-301F-11D3-BF4B-00C04F79EFBC}") = "UnityEngine.Advertisements.Editor.Tests", "UnityEngine.Advertisements.Editor.Tests.csproj", "{B0653E25-2904-4601-8CDA-1EE82941251C}"
EndProject
Project("{FAE04EC0-301F-11D3-BF4B-00C04F79EFBC}") = "Unity.2D.Sprite.Editor", "Unity.2D.Sprite.Editor.csproj", "{9231205D-871D-2294-DA67-8BC9CE16BD5D}"
EndProject
Project("{FAE04EC0-301F-11D3-BF4B-00C04F79EFBC}") = "Unity.2D.Tilemap.Editor", "Unity.2D.Tilemap.Editor.csproj", "{8EFB3E77-C726-539D-881B-7012244DB85F}"
EndProject
Project("{FAE04EC0-301F-11D3-BF4B-00C04F79EFBC}") = "Unity.VSCode.Editor", "Unity.VSCode.Editor.csproj", "{01577DE5-C068-B91B-CD42-7A60FB1A04C0}"
EndProject
Project("{FAE04EC0-301F-11D3-BF4B-00C04F79EFBC}") = "UnityEditor.SpatialTracking", "UnityEditor.SpatialTracking.csproj", "{0EF3C116-AA7D-2BEB-A9F2-9EA17B207BB2}"
EndProject
Project("{FAE04EC0-301F-11D3-BF4B-00C04F79EFBC}") = "Analytics", "Analytics.csproj", "{6DF208A2-B6CD-3823-039F-23019F5A801C}"
EndProject
Project("{FAE04EC0-301F-11D3-BF4B-00C04F79EFBC}") = "Assembly-CSharp-Editor", "Assembly-CSharp-Editor.csproj", "{820AEC7C-7F93-71C7-A37D-1CC603106BE6}"
EndProject
Project("{FAE04EC0-301F-11D3-BF4B-00C04F79EFBC}") = "UnityEngine.Monetization.Editor.Tests", "UnityEngine.Monetization.Editor.Tests.csproj", "{CBFA9B30-629B-A576-203A-6FEA77D2A06D}"
EndProject
Project("{FAE04EC0-301F-11D3-BF4B-00C04F79EFBC}") = "Unity.2D.Tilemap.Package.EditorTests", "Unity.2D.Tilemap.Package.EditorTests.csproj", "{5AF9D0FC-4BF6-EB3D-EF62-E35F9D1027EC}"
EndProject
Project("{FAE04EC0-301F-11D3-BF4B-00C04F79EFBC}") = "UnityEditor.XR.LegacyInputHelpers.Tests", "UnityEditor.XR.LegacyInputHelpers.Tests.csproj", "{3C9EBE0A-B560-A777-928E-A3447D69B200}"
EndProject
Project("{FAE04EC0-301F-11D3-BF4B-00C04F79EFBC}") = "Unity.2D.Sprite.Package.EditorTests", "Unity.2D.Sprite.Package.EditorTests.csproj", "{45DF379D-5F6E-BEE2-E541-2055EF33B3FE}"
EndProject
Project("{FAE04EC0-301F-11D3-BF4B-00C04F79EFBC}") = "Unity.Nuget.NewtonsoftJson.EditorTests", "Unity.Nuget.NewtonsoftJson.EditorTests.csproj", "{F5C18989-6939-63FE-9EBB-7CD5A3D0855D}"
EndProject
Project("{FAE04EC0-301F-11D3-BF4B-00C04F79EFBC}") = "Unity.TextMeshPro.Editor.Tests", "Unity.TextMeshPro.Editor.Tests.csproj", "{29F7841D-CE1A-EBE9-D71B-29E3775637D5}"
EndProject
Global
	GlobalSection(SolutionConfigurationPlatforms) = preSolution
		Debug|Any CPU = Debug|Any CPU
		Release|Any CPU = Release|Any CPU
	EndGlobalSection
	GlobalSection(ProjectConfigurationPlatforms) = postSolution
		{8323CA09-E364-6FB7-EE98-19BCC085E315}.Debug|Any CPU.ActiveCfg = Debug|Any CPU
		{8323CA09-E364-6FB7-EE98-19BCC085E315}.Debug|Any CPU.Build.0 = Debug|Any CPU
		{8323CA09-E364-6FB7-EE98-19BCC085E315}.Release|Any CPU.ActiveCfg = Release|Any CPU
		{8323CA09-E364-6FB7-EE98-19BCC085E315}.Release|Any CPU.Build.0 = Release|Any CPU
		{88A3F677-E6FF-ADF1-2FCD-426AFFF9AAC5}.Debug|Any CPU.ActiveCfg = Debug|Any CPU
		{88A3F677-E6FF-ADF1-2FCD-426AFFF9AAC5}.Debug|Any CPU.Build.0 = Debug|Any CPU
		{88A3F677-E6FF-ADF1-2FCD-426AFFF9AAC5}.Release|Any CPU.ActiveCfg = Release|Any CPU
		{88A3F677-E6FF-ADF1-2FCD-426AFFF9AAC5}.Release|Any CPU.Build.0 = Release|Any CPU
		{43F3917B-BD99-44BA-8086-C3D0D9998657}.Debug|Any CPU.ActiveCfg = Debug|Any CPU
		{43F3917B-BD99-44BA-8086-C3D0D9998657}.Debug|Any CPU.Build.0 = Debug|Any CPU
		{43F3917B-BD99-44BA-8086-C3D0D9998657}.Release|Any CPU.ActiveCfg = Release|Any CPU
		{43F3917B-BD99-44BA-8086-C3D0D9998657}.Release|Any CPU.Build.0 = Release|Any CPU
		{F42AA377-0A6B-2597-6EA4-1C0FF2924D5D}.Debug|Any CPU.ActiveCfg = Debug|Any CPU
		{F42AA377-0A6B-2597-6EA4-1C0FF2924D5D}.Debug|Any CPU.Build.0 = Debug|Any CPU
		{F42AA377-0A6B-2597-6EA4-1C0FF2924D5D}.Release|Any CPU.ActiveCfg = Release|Any CPU
		{F42AA377-0A6B-2597-6EA4-1C0FF2924D5D}.Release|Any CPU.Build.0 = Release|Any CPU
		{0B2C94BF-8CB7-397A-97EB-292C88E20131}.Debug|Any CPU.ActiveCfg = Debug|Any CPU
		{0B2C94BF-8CB7-397A-97EB-292C88E20131}.Debug|Any CPU.Build.0 = Debug|Any CPU
		{0B2C94BF-8CB7-397A-97EB-292C88E20131}.Release|Any CPU.ActiveCfg = Release|Any CPU
		{0B2C94BF-8CB7-397A-97EB-292C88E20131}.Release|Any CPU.Build.0 = Release|Any CPU
		{2D0B82E0-8C35-1BC3-4853-BBD8F605D3E9}.Debug|Any CPU.ActiveCfg = Debug|Any CPU
		{2D0B82E0-8C35-1BC3-4853-BBD8F605D3E9}.Debug|Any CPU.Build.0 = Debug|Any CPU
		{2D0B82E0-8C35-1BC3-4853-BBD8F605D3E9}.Release|Any CPU.ActiveCfg = Release|Any CPU
		{2D0B82E0-8C35-1BC3-4853-BBD8F605D3E9}.Release|Any CPU.Build.0 = Release|Any CPU
		{5093E946-D73D-9547-E1FD-9EB16C3157F5}.Debug|Any CPU.ActiveCfg = Debug|Any CPU
		{5093E946-D73D-9547-E1FD-9EB16C3157F5}.Debug|Any CPU.Build.0 = Debug|Any CPU
		{5093E946-D73D-9547-E1FD-9EB16C3157F5}.Release|Any CPU.ActiveCfg = Release|Any CPU
		{5093E946-D73D-9547-E1FD-9EB16C3157F5}.Release|Any CPU.Build.0 = Release|Any CPU
		{0A84C71B-FFFF-FCF7-AEBF-814D8EA71F7E}.Debug|Any CPU.ActiveCfg = Debug|Any CPU
		{0A84C71B-FFFF-FCF7-AEBF-814D8EA71F7E}.Debug|Any CPU.Build.0 = Debug|Any CPU
		{0A84C71B-FFFF-FCF7-AEBF-814D8EA71F7E}.Release|Any CPU.ActiveCfg = Release|Any CPU
		{0A84C71B-FFFF-FCF7-AEBF-814D8EA71F7E}.Release|Any CPU.Build.0 = Release|Any CPU
		{C8E90517-1CB6-14F5-E672-3CB07354A252}.Debug|Any CPU.ActiveCfg = Debug|Any CPU
		{C8E90517-1CB6-14F5-E672-3CB07354A252}.Debug|Any CPU.Build.0 = Debug|Any CPU
		{C8E90517-1CB6-14F5-E672-3CB07354A252}.Release|Any CPU.ActiveCfg = Release|Any CPU
		{C8E90517-1CB6-14F5-E672-3CB07354A252}.Release|Any CPU.Build.0 = Release|Any CPU
		{6D3242FF-53C9-1A06-910C-66C49417F01F}.Debug|Any CPU.ActiveCfg = Debug|Any CPU
		{6D3242FF-53C9-1A06-910C-66C49417F01F}.Debug|Any CPU.Build.0 = Debug|Any CPU
		{6D3242FF-53C9-1A06-910C-66C49417F01F}.Release|Any CPU.ActiveCfg = Release|Any CPU
		{6D3242FF-53C9-1A06-910C-66C49417F01F}.Release|Any CPU.Build.0 = Release|Any CPU
		{A678A7A0-1B0D-EF1D-5AF9-D965A30F93E4}.Debug|Any CPU.ActiveCfg = Debug|Any CPU
		{A678A7A0-1B0D-EF1D-5AF9-D965A30F93E4}.Debug|Any CPU.Build.0 = Debug|Any CPU
		{A678A7A0-1B0D-EF1D-5AF9-D965A30F93E4}.Release|Any CPU.ActiveCfg = Release|Any CPU
		{A678A7A0-1B0D-EF1D-5AF9-D965A30F93E4}.Release|Any CPU.Build.0 = Release|Any CPU
		{DA36730E-29DF-7BA7-56AA-FF44964817BD}.Debug|Any CPU.ActiveCfg = Debug|Any CPU
		{DA36730E-29DF-7BA7-56AA-FF44964817BD}.Debug|Any CPU.Build.0 = Debug|Any CPU
		{DA36730E-29DF-7BA7-56AA-FF44964817BD}.Release|Any CPU.ActiveCfg = Release|Any CPU
		{DA36730E-29DF-7BA7-56AA-FF44964817BD}.Release|Any CPU.Build.0 = Release|Any CPU
		{666394BE-D3FF-7407-24C9-29D23A657C7B}.Debug|Any CPU.ActiveCfg = Debug|Any CPU
		{666394BE-D3FF-7407-24C9-29D23A657C7B}.Debug|Any CPU.Build.0 = Debug|Any CPU
		{666394BE-D3FF-7407-24C9-29D23A657C7B}.Release|Any CPU.ActiveCfg = Release|Any CPU
		{666394BE-D3FF-7407-24C9-29D23A657C7B}.Release|Any CPU.Build.0 = Release|Any CPU
		{F54BA022-86AC-D10F-B196-6366E086E9FC}.Debug|Any CPU.ActiveCfg = Debug|Any CPU
		{F54BA022-86AC-D10F-B196-6366E086E9FC}.Debug|Any CPU.Build.0 = Debug|Any CPU
		{F54BA022-86AC-D10F-B196-6366E086E9FC}.Release|Any CPU.ActiveCfg = Release|Any CPU
		{F54BA022-86AC-D10F-B196-6366E086E9FC}.Release|Any CPU.Build.0 = Release|Any CPU
		{7C3F709B-6DA0-5209-349C-16AFEA872979}.Debug|Any CPU.ActiveCfg = Debug|Any CPU
		{7C3F709B-6DA0-5209-349C-16AFEA872979}.Debug|Any CPU.Build.0 = Debug|Any CPU
		{7C3F709B-6DA0-5209-349C-16AFEA872979}.Release|Any CPU.ActiveCfg = Release|Any CPU
		{7C3F709B-6DA0-5209-349C-16AFEA872979}.Release|Any CPU.Build.0 = Release|Any CPU
		{320E0A63-EAD7-58FE-AB4D-B234769EA66B}.Debug|Any CPU.ActiveCfg = Debug|Any CPU
		{320E0A63-EAD7-58FE-AB4D-B234769EA66B}.Debug|Any CPU.Build.0 = Debug|Any CPU
		{320E0A63-EAD7-58FE-AB4D-B234769EA66B}.Release|Any CPU.ActiveCfg = Release|Any CPU
		{320E0A63-EAD7-58FE-AB4D-B234769EA66B}.Release|Any CPU.Build.0 = Release|Any CPU
		{67E3F5FC-88EF-55B2-4156-39D21A59D4E6}.Debug|Any CPU.ActiveCfg = Debug|Any CPU
		{67E3F5FC-88EF-55B2-4156-39D21A59D4E6}.Debug|Any CPU.Build.0 = Debug|Any CPU
		{67E3F5FC-88EF-55B2-4156-39D21A59D4E6}.Release|Any CPU.ActiveCfg = Release|Any CPU
		{67E3F5FC-88EF-55B2-4156-39D21A59D4E6}.Release|Any CPU.Build.0 = Release|Any CPU
		{B0B2D7F8-B2F7-6931-7EF4-7E68E3734A52}.Debug|Any CPU.ActiveCfg = Debug|Any CPU
		{B0B2D7F8-B2F7-6931-7EF4-7E68E3734A52}.Debug|Any CPU.Build.0 = Debug|Any CPU
		{B0B2D7F8-B2F7-6931-7EF4-7E68E3734A52}.Release|Any CPU.ActiveCfg = Release|Any CPU
		{B0B2D7F8-B2F7-6931-7EF4-7E68E3734A52}.Release|Any CPU.Build.0 = Release|Any CPU
		{5A0B40F9-D790-E980-F75E-E5D3308786BE}.Debug|Any CPU.ActiveCfg = Debug|Any CPU
		{5A0B40F9-D790-E980-F75E-E5D3308786BE}.Debug|Any CPU.Build.0 = Debug|Any CPU
		{5A0B40F9-D790-E980-F75E-E5D3308786BE}.Release|Any CPU.ActiveCfg = Release|Any CPU
		{5A0B40F9-D790-E980-F75E-E5D3308786BE}.Release|Any CPU.Build.0 = Release|Any CPU
		{CD4DA3E3-5BBD-B031-8AB1-9CB757CC35B4}.Debug|Any CPU.ActiveCfg = Debug|Any CPU
		{CD4DA3E3-5BBD-B031-8AB1-9CB757CC35B4}.Debug|Any CPU.Build.0 = Debug|Any CPU
		{CD4DA3E3-5BBD-B031-8AB1-9CB757CC35B4}.Release|Any CPU.ActiveCfg = Release|Any CPU
		{CD4DA3E3-5BBD-B031-8AB1-9CB757CC35B4}.Release|Any CPU.Build.0 = Release|Any CPU
		{45CD5A83-3307-8B44-BC23-766C0E9ABA86}.Debug|Any CPU.ActiveCfg = Debug|Any CPU
		{45CD5A83-3307-8B44-BC23-766C0E9ABA86}.Debug|Any CPU.Build.0 = Debug|Any CPU
		{45CD5A83-3307-8B44-BC23-766C0E9ABA86}.Release|Any CPU.ActiveCfg = Release|Any CPU
		{45CD5A83-3307-8B44-BC23-766C0E9ABA86}.Release|Any CPU.Build.0 = Release|Any CPU
		{EAAD4F7E-08B7-555B-6967-9E5CD4F416BE}.Debug|Any CPU.ActiveCfg = Debug|Any CPU
		{EAAD4F7E-08B7-555B-6967-9E5CD4F416BE}.Debug|Any CPU.Build.0 = Debug|Any CPU
		{EAAD4F7E-08B7-555B-6967-9E5CD4F416BE}.Release|Any CPU.ActiveCfg = Release|Any CPU
		{EAAD4F7E-08B7-555B-6967-9E5CD4F416BE}.Release|Any CPU.Build.0 = Release|Any CPU
		{E2393367-DEFC-5A6B-3366-20BCE0DEC342}.Debug|Any CPU.ActiveCfg = Debug|Any CPU
		{E2393367-DEFC-5A6B-3366-20BCE0DEC342}.Debug|Any CPU.Build.0 = Debug|Any CPU
		{E2393367-DEFC-5A6B-3366-20BCE0DEC342}.Release|Any CPU.ActiveCfg = Release|Any CPU
		{E2393367-DEFC-5A6B-3366-20BCE0DEC342}.Release|Any CPU.Build.0 = Release|Any CPU
		{78E140AC-0DD6-A006-50F2-BD18A82F5A47}.Debug|Any CPU.ActiveCfg = Debug|Any CPU
		{78E140AC-0DD6-A006-50F2-BD18A82F5A47}.Debug|Any CPU.Build.0 = Debug|Any CPU
		{78E140AC-0DD6-A006-50F2-BD18A82F5A47}.Release|Any CPU.ActiveCfg = Release|Any CPU
		{78E140AC-0DD6-A006-50F2-BD18A82F5A47}.Release|Any CPU.Build.0 = Release|Any CPU
		{35282CF2-C138-CE35-4A33-8FD207F7CFC9}.Debug|Any CPU.ActiveCfg = Debug|Any CPU
		{35282CF2-C138-CE35-4A33-8FD207F7CFC9}.Debug|Any CPU.Build.0 = Debug|Any CPU
		{35282CF2-C138-CE35-4A33-8FD207F7CFC9}.Release|Any CPU.ActiveCfg = Release|Any CPU
		{35282CF2-C138-CE35-4A33-8FD207F7CFC9}.Release|Any CPU.Build.0 = Release|Any CPU
		{A31080A1-741E-7625-DA90-959D6A5A7396}.Debug|Any CPU.ActiveCfg = Debug|Any CPU
		{A31080A1-741E-7625-DA90-959D6A5A7396}.Debug|Any CPU.Build.0 = Debug|Any CPU
		{A31080A1-741E-7625-DA90-959D6A5A7396}.Release|Any CPU.ActiveCfg = Release|Any CPU
		{A31080A1-741E-7625-DA90-959D6A5A7396}.Release|Any CPU.Build.0 = Release|Any CPU
		{0229B684-C8F0-DC1C-B76B-E38EC683E8F4}.Debug|Any CPU.ActiveCfg = Debug|Any CPU
		{0229B684-C8F0-DC1C-B76B-E38EC683E8F4}.Debug|Any CPU.Build.0 = Debug|Any CPU
		{0229B684-C8F0-DC1C-B76B-E38EC683E8F4}.Release|Any CPU.ActiveCfg = Release|Any CPU
		{0229B684-C8F0-DC1C-B76B-E38EC683E8F4}.Release|Any CPU.Build.0 = Release|Any CPU
		{8BA01415-888B-5D31-7377-258DEFDCC669}.Debug|Any CPU.ActiveCfg = Debug|Any CPU
		{8BA01415-888B-5D31-7377-258DEFDCC669}.Debug|Any CPU.Build.0 = Debug|Any CPU
		{8BA01415-888B-5D31-7377-258DEFDCC669}.Release|Any CPU.ActiveCfg = Release|Any CPU
		{8BA01415-888B-5D31-7377-258DEFDCC669}.Release|Any CPU.Build.0 = Release|Any CPU
		{AF0CB866-4C19-B58E-9044-18866349725F}.Debug|Any CPU.ActiveCfg = Debug|Any CPU
		{AF0CB866-4C19-B58E-9044-18866349725F}.Debug|Any CPU.Build.0 = Debug|Any CPU
		{AF0CB866-4C19-B58E-9044-18866349725F}.Release|Any CPU.ActiveCfg = Release|Any CPU
		{AF0CB866-4C19-B58E-9044-18866349725F}.Release|Any CPU.Build.0 = Release|Any CPU
		{432B7660-86ED-52DC-EA95-A4C4B215451F}.Debug|Any CPU.ActiveCfg = Debug|Any CPU
		{432B7660-86ED-52DC-EA95-A4C4B215451F}.Debug|Any CPU.Build.0 = Debug|Any CPU
		{432B7660-86ED-52DC-EA95-A4C4B215451F}.Release|Any CPU.ActiveCfg = Release|Any CPU
		{432B7660-86ED-52DC-EA95-A4C4B215451F}.Release|Any CPU.Build.0 = Release|Any CPU
		{73FC52CC-AF87-4430-AAE3-3C20FA137676}.Debug|Any CPU.ActiveCfg = Debug|Any CPU
		{73FC52CC-AF87-4430-AAE3-3C20FA137676}.Debug|Any CPU.Build.0 = Debug|Any CPU
		{73FC52CC-AF87-4430-AAE3-3C20FA137676}.Release|Any CPU.ActiveCfg = Release|Any CPU
		{73FC52CC-AF87-4430-AAE3-3C20FA137676}.Release|Any CPU.Build.0 = Release|Any CPU
		{EB4CEACE-6F15-CF8F-9F1F-DC24D19D731E}.Debug|Any CPU.ActiveCfg = Debug|Any CPU
		{EB4CEACE-6F15-CF8F-9F1F-DC24D19D731E}.Debug|Any CPU.Build.0 = Debug|Any CPU
		{EB4CEACE-6F15-CF8F-9F1F-DC24D19D731E}.Release|Any CPU.ActiveCfg = Release|Any CPU
		{EB4CEACE-6F15-CF8F-9F1F-DC24D19D731E}.Release|Any CPU.Build.0 = Release|Any CPU
		{0237B427-13A0-6F1C-CA4A-040261237C53}.Debug|Any CPU.ActiveCfg = Debug|Any CPU
		{0237B427-13A0-6F1C-CA4A-040261237C53}.Debug|Any CPU.Build.0 = Debug|Any CPU
		{0237B427-13A0-6F1C-CA4A-040261237C53}.Release|Any CPU.ActiveCfg = Release|Any CPU
		{0237B427-13A0-6F1C-CA4A-040261237C53}.Release|Any CPU.Build.0 = Release|Any CPU
		{3D30FE06-3FD0-163E-8D47-DAAD3BA976FF}.Debug|Any CPU.ActiveCfg = Debug|Any CPU
		{3D30FE06-3FD0-163E-8D47-DAAD3BA976FF}.Debug|Any CPU.Build.0 = Debug|Any CPU
		{3D30FE06-3FD0-163E-8D47-DAAD3BA976FF}.Release|Any CPU.ActiveCfg = Release|Any CPU
		{3D30FE06-3FD0-163E-8D47-DAAD3BA976FF}.Release|Any CPU.Build.0 = Release|Any CPU
		{EDD2D093-4286-26F9-65AF-9A542B6C4476}.Debug|Any CPU.ActiveCfg = Debug|Any CPU
		{EDD2D093-4286-26F9-65AF-9A542B6C4476}.Debug|Any CPU.Build.0 = Debug|Any CPU
		{EDD2D093-4286-26F9-65AF-9A542B6C4476}.Release|Any CPU.ActiveCfg = Release|Any CPU
		{EDD2D093-4286-26F9-65AF-9A542B6C4476}.Release|Any CPU.Build.0 = Release|Any CPU
		{FC4F20D9-A230-A0BE-CCBA-0C84E9F5051F}.Debug|Any CPU.ActiveCfg = Debug|Any CPU
		{FC4F20D9-A230-A0BE-CCBA-0C84E9F5051F}.Debug|Any CPU.Build.0 = Debug|Any CPU
		{FC4F20D9-A230-A0BE-CCBA-0C84E9F5051F}.Release|Any CPU.ActiveCfg = Release|Any CPU
		{FC4F20D9-A230-A0BE-CCBA-0C84E9F5051F}.Release|Any CPU.Build.0 = Release|Any CPU
		{233FB234-D578-0AE8-B444-D644FDA7BE60}.Debug|Any CPU.ActiveCfg = Debug|Any CPU
		{233FB234-D578-0AE8-B444-D644FDA7BE60}.Debug|Any CPU.Build.0 = Debug|Any CPU
		{233FB234-D578-0AE8-B444-D644FDA7BE60}.Release|Any CPU.ActiveCfg = Release|Any CPU
		{233FB234-D578-0AE8-B444-D644FDA7BE60}.Release|Any CPU.Build.0 = Release|Any CPU
		{91419F18-AABA-B57F-019C-7129F0D7C9C4}.Debug|Any CPU.ActiveCfg = Debug|Any CPU
		{91419F18-AABA-B57F-019C-7129F0D7C9C4}.Debug|Any CPU.Build.0 = Debug|Any CPU
		{91419F18-AABA-B57F-019C-7129F0D7C9C4}.Release|Any CPU.ActiveCfg = Release|Any CPU
		{91419F18-AABA-B57F-019C-7129F0D7C9C4}.Release|Any CPU.Build.0 = Release|Any CPU
		{C622C4B2-EEA6-91AD-BCAA-C999B80A2827}.Debug|Any CPU.ActiveCfg = Debug|Any CPU
		{C622C4B2-EEA6-91AD-BCAA-C999B80A2827}.Debug|Any CPU.Build.0 = Debug|Any CPU
		{C622C4B2-EEA6-91AD-BCAA-C999B80A2827}.Release|Any CPU.ActiveCfg = Release|Any CPU
		{C622C4B2-EEA6-91AD-BCAA-C999B80A2827}.Release|Any CPU.Build.0 = Release|Any CPU
		{49608003-915E-CF3C-9F33-2B8AE6C15B39}.Debug|Any CPU.ActiveCfg = Debug|Any CPU
		{49608003-915E-CF3C-9F33-2B8AE6C15B39}.Debug|Any CPU.Build.0 = Debug|Any CPU
		{49608003-915E-CF3C-9F33-2B8AE6C15B39}.Release|Any CPU.ActiveCfg = Release|Any CPU
		{49608003-915E-CF3C-9F33-2B8AE6C15B39}.Release|Any CPU.Build.0 = Release|Any CPU
		{BFA9A9CA-9D04-DA5D-ADDD-B9EEA281D0BE}.Debug|Any CPU.ActiveCfg = Debug|Any CPU
		{BFA9A9CA-9D04-DA5D-ADDD-B9EEA281D0BE}.Debug|Any CPU.Build.0 = Debug|Any CPU
		{BFA9A9CA-9D04-DA5D-ADDD-B9EEA281D0BE}.Release|Any CPU.ActiveCfg = Release|Any CPU
		{BFA9A9CA-9D04-DA5D-ADDD-B9EEA281D0BE}.Release|Any CPU.Build.0 = Release|Any CPU
		{E7B78023-856C-E1DF-8DF0-DA9657917498}.Debug|Any CPU.ActiveCfg = Debug|Any CPU
		{E7B78023-856C-E1DF-8DF0-DA9657917498}.Debug|Any CPU.Build.0 = Debug|Any CPU
		{E7B78023-856C-E1DF-8DF0-DA9657917498}.Release|Any CPU.ActiveCfg = Release|Any CPU
		{E7B78023-856C-E1DF-8DF0-DA9657917498}.Release|Any CPU.Build.0 = Release|Any CPU
		{05E3513C-A736-A6B0-8FE3-E03372FC4493}.Debug|Any CPU.ActiveCfg = Debug|Any CPU
		{05E3513C-A736-A6B0-8FE3-E03372FC4493}.Debug|Any CPU.Build.0 = Debug|Any CPU
		{05E3513C-A736-A6B0-8FE3-E03372FC4493}.Release|Any CPU.ActiveCfg = Release|Any CPU
		{05E3513C-A736-A6B0-8FE3-E03372FC4493}.Release|Any CPU.Build.0 = Release|Any CPU
		{B0653E25-2904-4601-8CDA-1EE82941251C}.Debug|Any CPU.ActiveCfg = Debug|Any CPU
		{B0653E25-2904-4601-8CDA-1EE82941251C}.Debug|Any CPU.Build.0 = Debug|Any CPU
		{B0653E25-2904-4601-8CDA-1EE82941251C}.Release|Any CPU.ActiveCfg = Release|Any CPU
		{B0653E25-2904-4601-8CDA-1EE82941251C}.Release|Any CPU.Build.0 = Release|Any CPU
		{9231205D-871D-2294-DA67-8BC9CE16BD5D}.Debug|Any CPU.ActiveCfg = Debug|Any CPU
		{9231205D-871D-2294-DA67-8BC9CE16BD5D}.Debug|Any CPU.Build.0 = Debug|Any CPU
		{9231205D-871D-2294-DA67-8BC9CE16BD5D}.Release|Any CPU.ActiveCfg = Release|Any CPU
		{9231205D-871D-2294-DA67-8BC9CE16BD5D}.Release|Any CPU.Build.0 = Release|Any CPU
		{8EFB3E77-C726-539D-881B-7012244DB85F}.Debug|Any CPU.ActiveCfg = Debug|Any CPU
		{8EFB3E77-C726-539D-881B-7012244DB85F}.Debug|Any CPU.Build.0 = Debug|Any CPU
		{8EFB3E77-C726-539D-881B-7012244DB85F}.Release|Any CPU.ActiveCfg = Release|Any CPU
		{8EFB3E77-C726-539D-881B-7012244DB85F}.Release|Any CPU.Build.0 = Release|Any CPU
		{01577DE5-C068-B91B-CD42-7A60FB1A04C0}.Debug|Any CPU.ActiveCfg = Debug|Any CPU
		{01577DE5-C068-B91B-CD42-7A60FB1A04C0}.Debug|Any CPU.Build.0 = Debug|Any CPU
		{01577DE5-C068-B91B-CD42-7A60FB1A04C0}.Release|Any CPU.ActiveCfg = Release|Any CPU
		{01577DE5-C068-B91B-CD42-7A60FB1A04C0}.Release|Any CPU.Build.0 = Release|Any CPU
		{0EF3C116-AA7D-2BEB-A9F2-9EA17B207BB2}.Debug|Any CPU.ActiveCfg = Debug|Any CPU
		{0EF3C116-AA7D-2BEB-A9F2-9EA17B207BB2}.Debug|Any CPU.Build.0 = Debug|Any CPU
		{0EF3C116-AA7D-2BEB-A9F2-9EA17B207BB2}.Release|Any CPU.ActiveCfg = Release|Any CPU
		{0EF3C116-AA7D-2BEB-A9F2-9EA17B207BB2}.Release|Any CPU.Build.0 = Release|Any CPU
		{6DF208A2-B6CD-3823-039F-23019F5A801C}.Debug|Any CPU.ActiveCfg = Debug|Any CPU
		{6DF208A2-B6CD-3823-039F-23019F5A801C}.Debug|Any CPU.Build.0 = Debug|Any CPU
		{6DF208A2-B6CD-3823-039F-23019F5A801C}.Release|Any CPU.ActiveCfg = Release|Any CPU
		{6DF208A2-B6CD-3823-039F-23019F5A801C}.Release|Any CPU.Build.0 = Release|Any CPU
		{820AEC7C-7F93-71C7-A37D-1CC603106BE6}.Debug|Any CPU.ActiveCfg = Debug|Any CPU
		{820AEC7C-7F93-71C7-A37D-1CC603106BE6}.Debug|Any CPU.Build.0 = Debug|Any CPU
		{820AEC7C-7F93-71C7-A37D-1CC603106BE6}.Release|Any CPU.ActiveCfg = Release|Any CPU
		{820AEC7C-7F93-71C7-A37D-1CC603106BE6}.Release|Any CPU.Build.0 = Release|Any CPU
		{CBFA9B30-629B-A576-203A-6FEA77D2A06D}.Debug|Any CPU.ActiveCfg = Debug|Any CPU
		{CBFA9B30-629B-A576-203A-6FEA77D2A06D}.Debug|Any CPU.Build.0 = Debug|Any CPU
		{CBFA9B30-629B-A576-203A-6FEA77D2A06D}.Release|Any CPU.ActiveCfg = Release|Any CPU
		{CBFA9B30-629B-A576-203A-6FEA77D2A06D}.Release|Any CPU.Build.0 = Release|Any CPU
		{5AF9D0FC-4BF6-EB3D-EF62-E35F9D1027EC}.Debug|Any CPU.ActiveCfg = Debug|Any CPU
		{5AF9D0FC-4BF6-EB3D-EF62-E35F9D1027EC}.Debug|Any CPU.Build.0 = Debug|Any CPU
		{5AF9D0FC-4BF6-EB3D-EF62-E35F9D1027EC}.Release|Any CPU.ActiveCfg = Release|Any CPU
		{5AF9D0FC-4BF6-EB3D-EF62-E35F9D1027EC}.Release|Any CPU.Build.0 = Release|Any CPU
		{3C9EBE0A-B560-A777-928E-A3447D69B200}.Debug|Any CPU.ActiveCfg = Debug|Any CPU
		{3C9EBE0A-B560-A777-928E-A3447D69B200}.Debug|Any CPU.Build.0 = Debug|Any CPU
		{3C9EBE0A-B560-A777-928E-A3447D69B200}.Release|Any CPU.ActiveCfg = Release|Any CPU
		{3C9EBE0A-B560-A777-928E-A3447D69B200}.Release|Any CPU.Build.0 = Release|Any CPU
		{45DF379D-5F6E-BEE2-E541-2055EF33B3FE}.Debug|Any CPU.ActiveCfg = Debug|Any CPU
		{45DF379D-5F6E-BEE2-E541-2055EF33B3FE}.Debug|Any CPU.Build.0 = Debug|Any CPU
		{45DF379D-5F6E-BEE2-E541-2055EF33B3FE}.Release|Any CPU.ActiveCfg = Release|Any CPU
		{45DF379D-5F6E-BEE2-E541-2055EF33B3FE}.Release|Any CPU.Build.0 = Release|Any CPU
		{F5C18989-6939-63FE-9EBB-7CD5A3D0855D}.Debug|Any CPU.ActiveCfg = Debug|Any CPU
		{F5C18989-6939-63FE-9EBB-7CD5A3D0855D}.Debug|Any CPU.Build.0 = Debug|Any CPU
		{F5C18989-6939-63FE-9EBB-7CD5A3D0855D}.Release|Any CPU.ActiveCfg = Release|Any CPU
		{F5C18989-6939-63FE-9EBB-7CD5A3D0855D}.Release|Any CPU.Build.0 = Release|Any CPU
		{29F7841D-CE1A-EBE9-D71B-29E3775637D5}.Debug|Any CPU.ActiveCfg = Debug|Any CPU
		{29F7841D-CE1A-EBE9-D71B-29E3775637D5}.Debug|Any CPU.Build.0 = Debug|Any CPU
		{29F7841D-CE1A-EBE9-D71B-29E3775637D5}.Release|Any CPU.ActiveCfg = Release|Any CPU
		{29F7841D-CE1A-EBE9-D71B-29E3775637D5}.Release|Any CPU.Build.0 = Release|Any CPU
	EndGlobalSection
	GlobalSection(SolutionProperties) = preSolution
		HideSolutionNode = FALSE
	EndGlobalSection
EndGlobal
